Microsoft Visual Studio Solution File, Format Version 12.00
# Visual Studio 2012
Project("{FAE04EC0-301F-11D3-BF4B-00C04F79EFBC}") = "Noxus Simulator Prototype", "Noxus Simulator Prototype.csproj", "{50FA2E63-36C4-4AA9-9524-8D8FCC640BA2}"
EndProject
Global
	GlobalSection(SolutionConfigurationPlatforms) = preSolution
	Debug|Any CPU = Debug|Any CPU
	ExportDebug|Any CPU = ExportDebug|Any CPU
	ExportRelease|Any CPU = ExportRelease|Any CPU
	EndGlobalSection
	GlobalSection(ProjectConfigurationPlatforms) = postSolution
		{50FA2E63-36C4-4AA9-9524-8D8FCC640BA2}.Debug|Any CPU.ActiveCfg = Debug|Any CPU
		{50FA2E63-36C4-4AA9-9524-8D8FCC640BA2}.Debug|Any CPU.Build.0 = Debug|Any CPU
		{50FA2E63-36C4-4AA9-9524-8D8FCC640BA2}.ExportDebug|Any CPU.ActiveCfg = ExportDebug|Any CPU
		{50FA2E63-36C4-4AA9-9524-8D8FCC640BA2}.ExportDebug|Any CPU.Build.0 = ExportDebug|Any CPU
		{50FA2E63-36C4-4AA9-9524-8D8FCC640BA2}.ExportRelease|Any CPU.ActiveCfg = ExportRelease|Any CPU
		{50FA2E63-36C4-4AA9-9524-8D8FCC640BA2}.ExportRelease|Any CPU.Build.0 = ExportRelease|Any CPU
	EndGlobalSection
EndGlobal
